
Microsoft Visual Studio Solution File, Format Version 12.00
# Visual Studio Version 16
VisualStudioVersion = 16.0.31019.35
MinimumVisualStudioVersion = 10.0.40219.1
Project("{FAE04EC0-301F-11D3-BF4B-00C04F79EFBC}") = "ServiceAgregator", "ServiceAgregator\ServiceAgregator.csproj", "{CA1741B7-3365-429B-BC7A-392801B070CF}"
EndProject
Global
	GlobalSection(SolutionConfigurationPlatforms) = preSolution
		Debug|Any CPU = Debug|Any CPU
		Release|Any CPU = Release|Any CPU
	EndGlobalSection
	GlobalSection(ProjectConfigurationPlatforms) = postSolution
		{CA1741B7-3365-429B-BC7A-392801B070CF}.Debug|Any CPU.ActiveCfg = Debug|Any CPU
		{CA1741B7-3365-429B-BC7A-392801B070CF}.Debug|Any CPU.Build.0 = Debug|Any CPU
		{CA1741B7-3365-429B-BC7A-392801B070CF}.Release|Any CPU.ActiveCfg = Release|Any CPU
		{CA1741B7-3365-429B-BC7A-392801B070CF}.Release|Any CPU.Build.0 = Release|Any CPU
	EndGlobalSection
	GlobalSection(SolutionProperties) = preSolution
		HideSolutionNode = FALSE
	EndGlobalSection
	GlobalSection(ExtensibilityGlobals) = postSolution
		SolutionGuid = {E68E7E0F-8DB1-4FBE-A4F3-5C3C60D02D69}
	EndGlobalSection
EndGlobal
